
Microsoft Visual Studio Solution File, Format Version 12.00
# Visual Studio Version 16
VisualStudioVersion = 16.0.30804.86
MinimumVisualStudioVersion = 10.0.40219.1
Project("{9A19103F-16F7-4668-BE54-9A1E7A4F7556}") = "MyWindowsClaims", "MyWindowsClaims\MyWindowsClaims.csproj", "{53FB5E36-C6DA-465E-9A46-E2084AEE9D26}"
EndProject
Global
	GlobalSection(SolutionConfigurationPlatforms) = preSolution
		Debug|Any CPU = Debug|Any CPU
		Release|Any CPU = Release|Any CPU
	EndGlobalSection
	GlobalSection(ProjectConfigurationPlatforms) = postSolution
		{53FB5E36-C6DA-465E-9A46-E2084AEE9D26}.Debug|Any CPU.ActiveCfg = Debug|Any CPU
		{53FB5E36-C6DA-465E-9A46-E2084AEE9D26}.Debug|Any CPU.Build.0 = Debug|Any CPU
		{53FB5E36-C6DA-465E-9A46-E2084AEE9D26}.Release|Any CPU.ActiveCfg = Release|Any CPU
		{53FB5E36-C6DA-465E-9A46-E2084AEE9D26}.Release|Any CPU.Build.0 = Release|Any CPU
	EndGlobalSection
	GlobalSection(SolutionProperties) = preSolution
		HideSolutionNode = FALSE
	EndGlobalSection
	GlobalSection(ExtensibilityGlobals) = postSolution
		SolutionGuid = {E48B79D0-9973-4946-ACF6-31EEEB9EDF47}
	EndGlobalSection
EndGlobal
